
Microsoft Visual Studio Solution File, Format Version 12.00
# Visual Studio 15
VisualStudioVersion = 15.0.28010.2026
MinimumVisualStudioVersion = 10.0.40219.1
Project("{9A19103F-16F7-4668-BE54-9A1E7A4F7556}") = "BlogDemo.Domain", "BlogDemo.Domain\BlogDemo.Domain.csproj", "{446C537F-C591-4563-9864-8C409921326D}"
EndProject
Project("{9A19103F-16F7-4668-BE54-9A1E7A4F7556}") = "BlogDemo.Web", "BlogDemo.Web\BlogDemo.Web.csproj", "{0CE8F37E-2B08-42BF-B143-FA799BAB9E2B}"
EndProject
Global
	GlobalSection(SolutionConfigurationPlatforms) = preSolution
		Debug|Any CPU = Debug|Any CPU
		Release|Any CPU = Release|Any CPU
	EndGlobalSection
	GlobalSection(ProjectConfigurationPlatforms) = postSolution
		{446C537F-C591-4563-9864-8C409921326D}.Debug|Any CPU.ActiveCfg = Debug|Any CPU
		{446C537F-C591-4563-9864-8C409921326D}.Debug|Any CPU.Build.0 = Debug|Any CPU
		{446C537F-C591-4563-9864-8C409921326D}.Release|Any CPU.ActiveCfg = Release|Any CPU
		{446C537F-C591-4563-9864-8C409921326D}.Release|Any CPU.Build.0 = Release|Any CPU
		{0CE8F37E-2B08-42BF-B143-FA799BAB9E2B}.Debug|Any CPU.ActiveCfg = Debug|Any CPU
		{0CE8F37E-2B08-42BF-B143-FA799BAB9E2B}.Debug|Any CPU.Build.0 = Debug|Any CPU
		{0CE8F37E-2B08-42BF-B143-FA799BAB9E2B}.Release|Any CPU.ActiveCfg = Release|Any CPU
		{0CE8F37E-2B08-42BF-B143-FA799BAB9E2B}.Release|Any CPU.Build.0 = Release|Any CPU
	EndGlobalSection
	GlobalSection(SolutionProperties) = preSolution
		HideSolutionNode = FALSE
	EndGlobalSection
	GlobalSection(ExtensibilityGlobals) = postSolution
		SolutionGuid = {473079C2-67B9-4F71-9AB4-C976AF8143AB}
	EndGlobalSection
EndGlobal
